
Microsoft Visual Studio Solution File, Format Version 12.00
# Visual Studio Version 16
VisualStudioVersion = 16.0.31424.327
MinimumVisualStudioVersion = 10.0.40219.1
Project("{FAE04EC0-301F-11D3-BF4B-00C04F79EFBC}") = "Ejercicio 1", "Ejercicio 1\Ejercicio 1.csproj", "{499AEB16-CD4C-40D2-8E9A-70401332F42C}"
EndProject
Project("{FAE04EC0-301F-11D3-BF4B-00C04F79EFBC}") = "Ejercicio 2", "Ejercicio 2\Ejercicio 2.csproj", "{B9F0A713-C590-4672-A556-AC080448AF74}"
EndProject
Project("{FAE04EC0-301F-11D3-BF4B-00C04F79EFBC}") = "Ejercicio 3", "Ejercicio 3\Ejercicio 3.csproj", "{49E27049-49DD-4287-822A-2031879A3E59}"
EndProject
Project("{FAE04EC0-301F-11D3-BF4B-00C04F79EFBC}") = "Ejercicio 4", "Ejercicio 4\Ejercicio 4.csproj", "{27E255AD-B613-4881-B119-A8D867C3A493}"
EndProject
Global
	GlobalSection(SolutionConfigurationPlatforms) = preSolution
		Debug|Any CPU = Debug|Any CPU
		Release|Any CPU = Release|Any CPU
	EndGlobalSection
	GlobalSection(ProjectConfigurationPlatforms) = postSolution
		{499AEB16-CD4C-40D2-8E9A-70401332F42C}.Debug|Any CPU.ActiveCfg = Debug|Any CPU
		{499AEB16-CD4C-40D2-8E9A-70401332F42C}.Debug|Any CPU.Build.0 = Debug|Any CPU
		{499AEB16-CD4C-40D2-8E9A-70401332F42C}.Release|Any CPU.ActiveCfg = Release|Any CPU
		{499AEB16-CD4C-40D2-8E9A-70401332F42C}.Release|Any CPU.Build.0 = Release|Any CPU
		{B9F0A713-C590-4672-A556-AC080448AF74}.Debug|Any CPU.ActiveCfg = Debug|Any CPU
		{B9F0A713-C590-4672-A556-AC080448AF74}.Debug|Any CPU.Build.0 = Debug|Any CPU
		{B9F0A713-C590-4672-A556-AC080448AF74}.Release|Any CPU.ActiveCfg = Release|Any CPU
		{B9F0A713-C590-4672-A556-AC080448AF74}.Release|Any CPU.Build.0 = Release|Any CPU
		{49E27049-49DD-4287-822A-2031879A3E59}.Debug|Any CPU.ActiveCfg = Debug|Any CPU
		{49E27049-49DD-4287-822A-2031879A3E59}.Debug|Any CPU.Build.0 = Debug|Any CPU
		{49E27049-49DD-4287-822A-2031879A3E59}.Release|Any CPU.ActiveCfg = Release|Any CPU
		{49E27049-49DD-4287-822A-2031879A3E59}.Release|Any CPU.Build.0 = Release|Any CPU
		{27E255AD-B613-4881-B119-A8D867C3A493}.Debug|Any CPU.ActiveCfg = Debug|Any CPU
		{27E255AD-B613-4881-B119-A8D867C3A493}.Debug|Any CPU.Build.0 = Debug|Any CPU
		{27E255AD-B613-4881-B119-A8D867C3A493}.Release|Any CPU.ActiveCfg = Release|Any CPU
		{27E255AD-B613-4881-B119-A8D867C3A493}.Release|Any CPU.Build.0 = Release|Any CPU
	EndGlobalSection
	GlobalSection(SolutionProperties) = preSolution
		HideSolutionNode = FALSE
	EndGlobalSection
	GlobalSection(ExtensibilityGlobals) = postSolution
		SolutionGuid = {195F2FCE-B325-483B-90AB-5F7952E04ECF}
	EndGlobalSection
EndGlobal
